
Microsoft Visual Studio Solution File, Format Version 12.00
# Visual Studio Version 17
VisualStudioVersion = 17.2.32630.192
MinimumVisualStudioVersion = 10.0.40219.1
Project("{54A90642-561A-4BB1-A94E-469ADEE60C69}") = "TodoApp.UI", "TodoApp.UI\TodoApp.UI.esproj", "{97C75F3A-9FFE-45E3-BDA1-2A5DADBEA618}"
EndProject
Project("{FAE04EC0-301F-11D3-BF4B-00C04F79EFBC}") = "TodoApp.API", "TodoApp.API\TodoApp.API.csproj", "{214C9697-4AAB-4A38-A6C7-7E0B41B04D2C}"
EndProject
Project("{FAE04EC0-301F-11D3-BF4B-00C04F79EFBC}") = "TodoApp.Bot", "TodoApp.Bot\TodoApp.Bot.csproj", "{5436DF6B-1A5B-4CEA-A94E-55373374383F}"
EndProject
Project("{FAE04EC0-301F-11D3-BF4B-00C04F79EFBC}") = "TodoApp.Contracts", "TodoApp.Contracts\TodoApp.Contracts.csproj", "{ACA8884A-C57D-4D05-837C-BAB1DEFB3CAF}"
EndProject
Global
	GlobalSection(SolutionConfigurationPlatforms) = preSolution
		Debug|Any CPU = Debug|Any CPU
		Release|Any CPU = Release|Any CPU
	EndGlobalSection
	GlobalSection(ProjectConfigurationPlatforms) = postSolution
		{97C75F3A-9FFE-45E3-BDA1-2A5DADBEA618}.Debug|Any CPU.ActiveCfg = Debug|Any CPU
		{97C75F3A-9FFE-45E3-BDA1-2A5DADBEA618}.Debug|Any CPU.Build.0 = Debug|Any CPU
		{97C75F3A-9FFE-45E3-BDA1-2A5DADBEA618}.Debug|Any CPU.Deploy.0 = Debug|Any CPU
		{97C75F3A-9FFE-45E3-BDA1-2A5DADBEA618}.Release|Any CPU.ActiveCfg = Release|Any CPU
		{97C75F3A-9FFE-45E3-BDA1-2A5DADBEA618}.Release|Any CPU.Build.0 = Release|Any CPU
		{97C75F3A-9FFE-45E3-BDA1-2A5DADBEA618}.Release|Any CPU.Deploy.0 = Release|Any CPU
		{214C9697-4AAB-4A38-A6C7-7E0B41B04D2C}.Debug|Any CPU.ActiveCfg = Debug|Any CPU
		{214C9697-4AAB-4A38-A6C7-7E0B41B04D2C}.Debug|Any CPU.Build.0 = Debug|Any CPU
		{214C9697-4AAB-4A38-A6C7-7E0B41B04D2C}.Release|Any CPU.ActiveCfg = Release|Any CPU
		{214C9697-4AAB-4A38-A6C7-7E0B41B04D2C}.Release|Any CPU.Build.0 = Release|Any CPU
		{5436DF6B-1A5B-4CEA-A94E-55373374383F}.Debug|Any CPU.ActiveCfg = Debug|Any CPU
		{5436DF6B-1A5B-4CEA-A94E-55373374383F}.Debug|Any CPU.Build.0 = Debug|Any CPU
		{5436DF6B-1A5B-4CEA-A94E-55373374383F}.Release|Any CPU.ActiveCfg = Release|Any CPU
		{5436DF6B-1A5B-4CEA-A94E-55373374383F}.Release|Any CPU.Build.0 = Release|Any CPU
		{ACA8884A-C57D-4D05-837C-BAB1DEFB3CAF}.Debug|Any CPU.ActiveCfg = Debug|Any CPU
		{ACA8884A-C57D-4D05-837C-BAB1DEFB3CAF}.Debug|Any CPU.Build.0 = Debug|Any CPU
		{ACA8884A-C57D-4D05-837C-BAB1DEFB3CAF}.Release|Any CPU.ActiveCfg = Release|Any CPU
		{ACA8884A-C57D-4D05-837C-BAB1DEFB3CAF}.Release|Any CPU.Build.0 = Release|Any CPU
	EndGlobalSection
	GlobalSection(SolutionProperties) = preSolution
		HideSolutionNode = FALSE
	EndGlobalSection
	GlobalSection(ExtensibilityGlobals) = postSolution
		SolutionGuid = {6CFA52C9-04FA-49D3-BE7A-F2B84C82F6A8}
	EndGlobalSection
EndGlobal
